{
  "name": "coding-challenge",
  "version": "1.0.0",
  "lockfileVersion": 1,
  "requires": true,
  "dependencies": {
    "csvjson": {
      "version": "5.1.0",
      "resolved": "https://registry.npmjs.org/csvjson/-/csvjson-5.1.0.tgz",
      "integrity": "sha512-OqALQHA0k2rEGluOWikwFq5qtkRUDyoWP2u0UJy8uFjFx5FPMjPzx7D2Hn2KjBLpc8jkGrT9HDNgTUfopDlqVg=="
    },
    "deeks": {
      "version": "2.6.1",
      "resolved": "https://registry.npmjs.org/deeks/-/deeks-2.6.1.tgz",
      "integrity": "sha512-PZrpz5xLo2JPZa3L+kqMMMdZU5pRwMysTM1xd6pLhNtgQw4Iq3wbF2QWaQTVh+HRq9Yg4rcjDIJ+scfGLxmsjQ=="
    },
    "doc-path": {
      "version": "3.1.0",
      "resolved": "https://registry.npmjs.org/doc-path/-/doc-path-3.1.0.tgz",
      "integrity": "sha512-Pv2hLQbUM8du5681lTWIYk0OtVBmNhMAeZNGeFhMMJBIR89Nw4XesBwee1Xtlfk83n71tn0Y6VsJOn4d3qIiTw=="
    },
    "emitter-component": {
      "version": "1.1.1",
      "resolved": "https://registry.npmjs.org/emitter-component/-/emitter-component-1.1.1.tgz",
      "integrity": "sha512-G+mpdiAySMuB7kesVRLuyvYRqDmshB7ReKEVuyBPkzQlmiDiLrt7hHHIy4Aff552bgknVN7B2/d3lzhGO5dvpQ=="
    },
    "fs": {
      "version": "0.0.1-security",
      "resolved": "https://registry.npmjs.org/fs/-/fs-0.0.1-security.tgz",
      "integrity": "sha1-invTcYa23d84E/I4WLV+yq9eQdQ="
    },
    "json-2-csv": {
      "version": "3.20.0",
      "resolved": "https://registry.npmjs.org/json-2-csv/-/json-2-csv-3.20.0.tgz",
      "integrity": "sha512-IbqUB+yaycVNB/q2fiY5kyRjy5kRiEXqvNvGlxM5L0Bfi0RdvklVHc4t9MfeYF1GsZVpZWDBs9LdWmSjsQ8jvg==",
      "requires": {
        "deeks": "2.6.1",
        "doc-path": "3.1.0"
      }
    },
    "jsonparse": {
      "version": "1.0.0",
      "resolved": "https://registry.npmjs.org/jsonparse/-/jsonparse-1.0.0.tgz",
      "integrity": "sha512-X8/pl4Q98FceotM1YzNYRcdRpYKgKB6nOKW9oNZk4qssFGfSxA6tUyPgEYsZA+MAQ8nR6nBZwE2GKpeeOIeN3A=="
    },
    "jsonstream": {
      "version": "1.0.3",
      "resolved": "https://registry.npmjs.org/jsonstream/-/jsonstream-1.0.3.tgz",
      "integrity": "sha512-yMDWHPGzQRwdiXy6itGgemEviwAoDp5i78y7rdzUa9RVe01vLJku+byVtqxwwSvp1y9LYHWYd+8MkYvbeilCug==",
      "requires": {
        "jsonparse": "~1.0.0",
        "through": ">=2.2.7 <3"
      }
    },
    "stream": {
      "version": "0.0.2",
      "resolved": "https://registry.npmjs.org/stream/-/stream-0.0.2.tgz",
      "integrity": "sha512-gCq3NDI2P35B2n6t76YJuOp7d6cN/C7Rt0577l91wllh0sY9ZBuw9KaSGqH/b0hzn3CWWJbpbW0W0WvQ1H/Q7g==",
      "requires": {
        "emitter-component": "^1.1.1"
      }
    },
    "through": {
      "version": "2.3.8",
      "resolved": "https://registry.npmjs.org/through/-/through-2.3.8.tgz",
      "integrity": "sha512-w89qg7PI8wAdvX60bMDP+bFoD5Dvhm9oLheFp5O4a2QF0cSBGsBX4qZmadPMvVqlLJBBci+WqGGOAPvcDeNSVg=="
    }
  }
}
